// !$*UTF8*$!
{
	archiveVersion = 1;
	classes = {
	};
	objectVersion = 50;
	objects = {

/* Begin PBXBuildFile section */
		581384DD2445762500BC128C /* AppDelegate.swift in Sources */ = {isa = PBXBuildFile; fileRef = 581384DC2445762500BC128C /* AppDelegate.swift */; };
		581384DF2445762500BC128C /* SceneDelegate.swift in Sources */ = {isa = PBXBuildFile; fileRef = 581384DE2445762500BC128C /* SceneDelegate.swift */; };
		581384E12445762500BC128C /* ViewController.swift in Sources */ = {isa = PBXBuildFile; fileRef = 581384E02445762500BC128C /* ViewController.swift */; };
		581384E42445762500BC128C /* Main.storyboard in Resources */ = {isa = PBXBuildFile; fileRef = 581384E22445762500BC128C /* Main.storyboard */; };
		581384E72445762500BC128C /* HitList.xcdatamodeld in Sources */ = {isa = PBXBuildFile; fileRef = 581384E52445762500BC128C /* HitList.xcdatamodeld */; };
		581384E92445762600BC128C /* Assets.xcassets in Resources */ = {isa = PBXBuildFile; fileRef = 581384E82445762600BC128C /* Assets.xcassets */; };
		581384EC2445762600BC128C /* LaunchScreen.storyboard in Resources */ = {isa = PBXBuildFile; fileRef = 581384EA2445762600BC128C /* LaunchScreen.storyboard */; };
		581384F72445762600BC128C /* HitListTests.swift in Sources */ = {isa = PBXBuildFile; fileRef = 581384F62445762600BC128C /* HitListTests.swift */; };
		581385022445762600BC128C /* HitListUITests.swift in Sources */ = {isa = PBXBuildFile; fileRef = 581385012445762600BC128C /* HitListUITests.swift */; };
/* End PBXBuildFile section */

/* Begin PBXContainerItemProxy section */
		581384F32445762600BC128C /* PBXContainerItemProxy */ = {
			isa = PBXContainerItemProxy;
			containerPortal = 581384D12445762400BC128C /* Project object */;
			proxyType = 1;
			remoteGlobalIDString = 581384D82445762400BC128C;
			remoteInfo = HitList;
		};
		581384FE2445762600BC128C /* PBXContainerItemProxy */ = {
			isa = PBXContainerItemProxy;
			containerPortal = 581384D12445762400BC128C /* Project object */;
			proxyType = 1;
			remoteGlobalIDString = 581384D82445762400BC128C;
			remoteInfo = HitList;
		};
/* End PBXContainerItemProxy section */

/* Begin PBXFileReference section */
		581384D92445762400BC128C /* HitList.app */ = {isa = PBXFileReference; explicitFileType = wrapper.application; includeInIndex = 0; path = HitList.app; sourceTree = BUILT_PRODUCTS_DIR; };
		581384DC2445762500BC128C /* AppDelegate.swift */ = {isa = PBXFileReference; lastKnownFileType = sourcecode.swift; path = AppDelegate.swift; sourceTree = "<group>"; };
		581384DE2445762500BC128C /* SceneDelegate.swift */ = {isa = PBXFileReference; lastKnownFileType = sourcecode.swift; path = SceneDelegate.swift; sourceTree = "<group>"; };
		581384E02445762500BC128C /* ViewController.swift */ = {isa = PBXFileReference; lastKnownFileType = sourcecode.swift; path = ViewController.swift; sourceTree = "<group>"; };
		581384E32445762500BC128C /* Base */ = {isa = PBXFileReference; lastKnownFileType = file.storyboard; name = Base; path = Base.lproj/Main.storyboard; sourceTree = "<group>"; };
		581384E62445762500BC128C /* HitList.xcdatamodel */ = {isa = PBXFileReference; lastKnownFileType = wrapper.xcdatamodel; path = HitList.xcdatamodel; sourceTree = "<group>"; };
		581384E82445762600BC128C /* Assets.xcassets */ = {isa = PBXFileReference; lastKnownFileType = folder.assetcatalog; path = Assets.xcassets; sourceTree = "<group>"; };
		581384EB2445762600BC128C /* Base */ = {isa = PBXFileReference; lastKnownFileType = file.storyboard; name = Base; path = Base.lproj/LaunchScreen.storyboard; sourceTree = "<group>"; };
		581384ED2445762600BC128C /* Info.plist */ = {isa = PBXFileReference; lastKnownFileType = text.plist.xml; path = Info.plist; sourceTree = "<group>"; };
		581384F22445762600BC128C /* HitListTests.xctest */ = {isa = PBXFileReference; explicitFileType = wrapper.cfbundle; includeInIndex = 0; path = HitListTests.xctest; sourceTree = BUILT_PRODUCTS_DIR; };
		581384F62445762600BC128C /* HitListTests.swift */ = {isa = PBXFileReference; lastKnownFileType = sourcecode.swift; path = HitListTests.swift; sourceTree = "<group>"; };
		581384F82445762600BC128C /* Info.plist */ = {isa = PBXFileReference; lastKnownFileType = text.plist.xml; path = Info.plist; sourceTree = "<group>"; };
		581384FD2445762600BC128C /* HitListUITests.xctest */ = {isa = PBXFileReference; explicitFileType = wrapper.cfbundle; includeInIndex = 0; path = HitListUITests.xctest; sourceTree = BUILT_PRODUCTS_DIR; };
		581385012445762600BC128C /* HitListUITests.swift */ = {isa = PBXFileReference; lastKnownFileType = sourcecode.swift; path = HitListUITests.swift; sourceTree = "<group>"; };
		581385032445762600BC128C /* Info.plist */ = {isa = PBXFileReference; lastKnownFileType = text.plist.xml; path = Info.plist; sourceTree = "<group>"; };
/* End PBXFileReference section */

/* Begin PBXFrameworksBuildPhase section */
		581384D62445762400BC128C /* Frameworks */ = {
			isa = PBXFrameworksBuildPhase;
			buildActionMask = 2147483647;
			files = (
			);
			runOnlyForDeploymentPostprocessing = 0;
		};
		581384EF2445762600BC128C /* Frameworks */ = {
			isa = PBXFrameworksBuildPhase;
			buildActionMask = 2147483647;
			files = (
			);
			runOnlyForDeploymentPostprocessing = 0;
		};
		581384FA2445762600BC128C /* Frameworks */ = {
			isa = PBXFrameworksBuildPhase;
			buildActionMask = 2147483647;
			files = (
			);
			runOnlyForDeploymentPostprocessing = 0;
		};
/* End PBXFrameworksBuildPhase section */

/* Begin PBXGroup section */
		581384D02445762400BC128C = {
			isa = PBXGroup;
			children = (
				581384DB2445762400BC128C /* HitList */,
				581384F52445762600BC128C /* HitListTests */,
				581385002445762600BC128C /* HitListUITests */,
				581384DA2445762400BC128C /* Products */,
			);
			sourceTree = "<group>";
		};
		581384DA2445762400BC128C /* Products */ = {
			isa = PBXGroup;
			children = (
				581384D92445762400BC128C /* HitList.app */,
				581384F22445762600BC128C /* HitListTests.xctest */,
				581384FD2445762600BC128C /* HitListUITests.xctest */,
			);
			name = Products;
			sourceTree = "<group>";
		};
		581384DB2445762400BC128C /* HitList */ = {
			isa = PBXGroup;
			children = (
				581384DC2445762500BC128C /* AppDelegate.swift */,
				581384DE2445762500BC128C /* SceneDelegate.swift */,
				581384E02445762500BC128C /* ViewController.swift */,
				581384E22445762500BC128C /* Main.storyboard */,
				581384E82445762600BC128C /* Assets.xcassets */,
				581384EA2445762600BC128C /* LaunchScreen.storyboard */,
				581384ED2445762600BC128C /* Info.plist */,
				581384E52445762500BC128C /* HitList.xcdatamodeld */,
			);
			path = HitList;
			sourceTree = "<group>";
		};
		581384F52445762600BC128C /* HitListTests */ = {
			isa = PBXGroup;
			children = (
				581384F62445762600BC128C /* HitListTests.swift */,
				581384F82445762600BC128C /* Info.plist */,
			);
			path = HitListTests;
			sourceTree = "<group>";
		};
		581385002445762600BC128C /* HitListUITests */ = {
			isa = PBXGroup;
			children = (
				581385012445762600BC128C /* HitListUITests.swift */,
				581385032445762600BC128C /* Info.plist */,
			);
			path = HitListUITests;
			sourceTree = "<group>";
		};
/* End PBXGroup section */

/* Begin PBXNativeTarget section */
		581384D82445762400BC128C /* HitList */ = {
			isa = PBXNativeTarget;
			buildConfigurationList = 581385062445762600BC128C /* Build configuration list for PBXNativeTarget "HitList" */;
			buildPhases = (
				581384D52445762400BC128C /* Sources */,
				581384D62445762400BC128C /* Frameworks */,
				581384D72445762400BC128C /* Resources */,
			);
			buildRules = (
			);
			dependencies = (
			);
			name = HitList;
			productName = HitList;
			productReference = 581384D92445762400BC128C /* HitList.app */;
			productType = "com.apple.product-type.application";
		};
		581384F12445762600BC128C /* HitListTests */ = {
			isa = PBXNativeTarget;
			buildConfigurationList = 581385092445762600BC128C /* Build configuration list for PBXNativeTarget "HitListTests" */;
			buildPhases = (
				581384EE2445762600BC128C /* Sources */,
				581384EF2445762600BC128C /* Frameworks */,
				581384F02445762600BC128C /* Resources */,
			);
			buildRules = (
			);
			dependencies = (
				581384F42445762600BC128C /* PBXTargetDependency */,
			);
			name = HitListTests;
			productName = HitListTests;
			productReference = 581384F22445762600BC128C /* HitListTests.xctest */;
			productType = "com.apple.product-type.bundle.unit-test";
		};
		581384FC2445762600BC128C /* HitListUITests */ = {
			isa = PBXNativeTarget;
			buildConfigurationList = 5813850C2445762600BC128C /* Build configuration list for PBXNativeTarget "HitListUITests" */;
			buildPhases = (
				581384F92445762600BC128C /* Sources */,
				581384FA2445762600BC128C /* Frameworks */,
				581384FB2445762600BC128C /* Resources */,
			);
			buildRules = (
			);
			dependencies = (
				581384FF2445762600BC128C /* PBXTargetDependency */,
			);
			name = HitListUITests;
			productName = HitListUITests;
			productReference = 581384FD2445762600BC128C /* HitListUITests.xctest */;
			productType = "com.apple.product-type.bundle.ui-testing";
		};
/* End PBXNativeTarget section */

/* Begin PBXProject section */
		581384D12445762400BC128C /* Project object */ = {
			isa = PBXProject;
			attributes = {
				LastSwiftUpdateCheck = 1140;
				LastUpgradeCheck = 1140;
				ORGANIZATIONNAME = "Thiago Anderson Martins";
				TargetAttributes = {
					581384D82445762400BC128C = {
						CreatedOnToolsVersion = 11.4;
					};
					581384F12445762600BC128C = {
						CreatedOnToolsVersion = 11.4;
						TestTargetID = 581384D82445762400BC128C;
					};
					581384FC2445762600BC128C = {
						CreatedOnToolsVersion = 11.4;
						TestTargetID = 581384D82445762400BC128C;
					};
				};
			};
			buildConfigurationList = 581384D42445762400BC128C /* Build configuration list for PBXProject "HitList" */;
			compatibilityVersion = "Xcode 9.3";
			developmentRegion = en;
			hasScannedForEncodings = 0;
			knownRegions = (
				en,
				Base,
			);
			mainGroup = 581384D02445762400BC128C;
			productRefGroup = 581384DA2445762400BC128C /* Products */;
			projectDirPath = "";
			projectRoot = "";
			targets = (
				581384D82445762400BC128C /* HitList */,
				581384F12445762600BC128C /* HitListTests */,
				581384FC2445762600BC128C /* HitListUITests */,
			);
		};
/* End PBXProject section */

/* Begin PBXResourcesBuildPhase section */
		581384D72445762400BC128C /* Resources */ = {
			isa = PBXResourcesBuildPhase;
			buildActionMask = 2147483647;
			files = (
				581384EC2445762600BC128C /* LaunchScreen.storyboard in Resources */,
				581384E92445762600BC128C /* Assets.xcassets in Resources */,
				581384E42445762500BC128C /* Main.storyboard in Resources */,
			);
			runOnlyForDeploymentPostprocessing = 0;
		};
		581384F02445762600BC128C /* Resources */ = {
			isa = PBXResourcesBuildPhase;
			buildActionMask = 2147483647;
			files = (
			);
			runOnlyForDeploymentPostprocessing = 0;
		};
		581384FB2445762600BC128C /* Resources */ = {
			isa = PBXResourcesBuildPhase;
			buildActionMask = 2147483647;
			files = (
			);
			runOnlyForDeploymentPostprocessing = 0;
		};
/* End PBXResourcesBuildPhase section */

/* Begin PBXSourcesBuildPhase section */
		581384D52445762400BC128C /* Sources */ = {
			isa = PBXSourcesBuildPhase;
			buildActionMask = 2147483647;
			files = (
				581384E12445762500BC128C /* ViewController.swift in Sources */,
				581384E72445762500BC128C /* HitList.xcdatamodeld in Sources */,
				581384DD2445762500BC128C /* AppDelegate.swift in Sources */,
				581384DF2445762500BC128C /* SceneDelegate.swift in Sources */,
			);
			runOnlyForDeploymentPostprocessing = 0;
		};
		581384EE2445762600BC128C /* Sources */ = {
			isa = PBXSourcesBuildPhase;
			buildActionMask = 2147483647;
			files = (
				581384F72445762600BC128C /* HitListTests.swift in Sources */,
			);
			runOnlyForDeploymentPostprocessing = 0;
		};
		581384F92445762600BC128C /* Sources */ = {
			isa = PBXSourcesBuildPhase;
			buildActionMask = 2147483647;
			files = (
				581385022445762600BC128C /* HitListUITests.swift in Sources */,
			);
			runOnlyForDeploymentPostprocessing = 0;
		};
/* End PBXSourcesBuildPhase section */

/* Begin PBXTargetDependency section */
		581384F42445762600BC128C /* PBXTargetDependency */ = {
			isa = PBXTargetDependency;
			target = 581384D82445762400BC128C /* HitList */;
			targetProxy = 581384F32445762600BC128C /* PBXContainerItemProxy */;
		};
		581384FF2445762600BC128C /* PBXTargetDependency */ = {
			isa = PBXTargetDependency;
			target = 581384D82445762400BC128C /* HitList */;
			targetProxy = 581384FE2445762600BC128C /* PBXContainerItemProxy */;
		};
/* End PBXTargetDependency section */

/* Begin PBXVariantGroup section */
		581384E22445762500BC128C /* Main.storyboard */ = {
			isa = PBXVariantGroup;
			children = (
				581384E32445762500BC128C /* Base */,
			);
			name = Main.storyboard;
			sourceTree = "<group>";
		};
		581384EA2445762600BC128C /* LaunchScreen.storyboard */ = {
			isa = PBXVariantGroup;
			children = (
				581384EB2445762600BC128C /* Base */,
			);
			name = LaunchScreen.storyboard;
			sourceTree = "<group>";
		};
/* End PBXVariantGroup section */

/* Begin XCBuildConfiguration section */
		581385042445762600BC128C /* Debug */ = {
			isa = XCBuildConfiguration;
			buildSettings = {
				ALWAYS_SEARCH_USER_PATHS = NO;
				CLANG_ANALYZER_NONNULL = YES;
				CLANG_ANALYZER_NUMBER_OBJECT_CONVERSION = YES_AGGRESSIVE;
				CLANG_CXX_LANGUAGE_STANDARD = "gnu++14";
				CLANG_CXX_LIBRARY = "libc++";
				CLANG_ENABLE_MODULES = YES;
				CLANG_ENABLE_OBJC_ARC = YES;
				CLANG_ENABLE_OBJC_WEAK = YES;
				CLANG_WARN_BLOCK_CAPTURE_AUTORELEASING = YES;
				CLANG_WARN_BOOL_CONVERSION = YES;
				CLANG_WARN_COMMA = YES;
				CLANG_WARN_CONSTANT_CONVERSION = YES;
				CLANG_WARN_DEPRECATED_OBJC_IMPLEMENTATIONS = YES;
				CLANG_WARN_DIRECT_OBJC_ISA_USAGE = YES_ERROR;
				CLANG_WARN_DOCUMENTATION_COMMENTS = YES;
				CLANG_WARN_EMPTY_BODY = YES;
				CLANG_WARN_ENUM_CONVERSION = YES;
				CLANG_WARN_INFINITE_RECURSION = YES;
				CLANG_WARN_INT_CONVERSION = YES;
				CLANG_WARN_NON_LITERAL_NULL_CONVERSION = YES;
				CLANG_WARN_OBJC_IMPLICIT_RETAIN_SELF = YES;
				CLANG_WARN_OBJC_LITERAL_CONVERSION = YES;
				CLANG_WARN_OBJC_ROOT_CLASS = YES_ERROR;
				CLANG_WARN_RANGE_LOOP_ANALYSIS = YES;
				CLANG_WARN_STRICT_PROTOTYPES = YES;
				CLANG_WARN_SUSPICIOUS_MOVE = YES;
				CLANG_WARN_UNGUARDED_AVAILABILITY = YES_AGGRESSIVE;
				CLANG_WARN_UNREACHABLE_CODE = YES;
				CLANG_WARN__DUPLICATE_METHOD_MATCH = YES;
				COPY_PHASE_STRIP = NO;
				DEBUG_INFORMATION_FORMAT = dwarf;
				ENABLE_STRICT_OBJC_MSGSEND = YES;
				ENABLE_TESTABILITY = YES;
				GCC_C_LANGUAGE_STANDARD = gnu11;
				GCC_DYNAMIC_NO_PIC = NO;
				GCC_NO_COMMON_BLOCKS = YES;
				GCC_OPTIMIZATION_LEVEL = 0;
				GCC_PREPROCESSOR_DEFINITIONS = (
					"DEBUG=1",
					"$(inherited)",
				);
				GCC_WARN_64_TO_32_BIT_CONVERSION = YES;
				GCC_WARN_ABOUT_RETURN_TYPE = YES_ERROR;
				GCC_WARN_UNDECLARED_SELECTOR = YES;
				GCC_WARN_UNINITIALIZED_AUTOS = YES_AGGRESSIVE;
				GCC_WARN_UNUSED_FUNCTION = YES;
				GCC_WARN_UNUSED_VARIABLE = YES;
				IPHONEOS_DEPLOYMENT_TARGET = 13.4;
				MTL_ENABLE_DEBUG_INFO = INCLUDE_SOURCE;
				MTL_FAST_MATH = YES;
				ONLY_ACTIVE_ARCH = YES;
				SDKROOT = iphoneos;
				SWIFT_ACTIVE_COMPILATION_CONDITIONS = DEBUG;
				SWIFT_OPTIMIZATION_LEVEL = "-Onone";
			};
			name = Debug;
		};
		581385052445762600BC128C /* Release */ = {
			isa = XCBuildConfiguration;
			buildSettings = {
				ALWAYS_SEARCH_USER_PATHS = NO;
				CLANG_ANALYZER_NONNULL = YES;
				CLANG_ANALYZER_NUMBER_OBJECT_CONVERSION = YES_AGGRESSIVE;
				CLANG_CXX_LANGUAGE_STANDARD = "gnu++14";
				CLANG_CXX_LIBRARY = "libc++";
				CLANG_ENABLE_MODULES = YES;
				CLANG_ENABLE_OBJC_ARC = YES;
				CLANG_ENABLE_OBJC_WEAK = YES;
				CLANG_WARN_BLOCK_CAPTURE_AUTORELEASING = YES;
				CLANG_WARN_BOOL_CONVERSION = YES;
				CLANG_WARN_COMMA = YES;
				CLANG_WARN_CONSTANT_CONVERSION = YES;
				CLANG_WARN_DEPRECATED_OBJC_IMPLEMENTATIONS = YES;
				CLANG_WARN_DIRECT_OBJC_ISA_USAGE = YES_ERROR;
				CLANG_WARN_DOCUMENTATION_COMMENTS = YES;
				CLANG_WARN_EMPTY_BODY = YES;
				CLANG_WARN_ENUM_CONVERSION = YES;
				CLANG_WARN_INFINITE_RECURSION = YES;
				CLANG_WARN_INT_CONVERSION = YES;
				CLANG_WARN_NON_LITERAL_NULL_CONVERSION = YES;
				CLANG_WARN_OBJC_IMPLICIT_RETAIN_SELF = YES;
				CLANG_WARN_OBJC_LITERAL_CONVERSION = YES;
				CLANG_WARN_OBJC_ROOT_CLASS = YES_ERROR;
				CLANG_WARN_RANGE_LOOP_ANALYSIS = YES;
				CLANG_WARN_STRICT_PROTOTYPES = YES;
				CLANG_WARN_SUSPICIOUS_MOVE = YES;
				CLANG_WARN_UNGUARDED_AVAILABILITY = YES_AGGRESSIVE;
				CLANG_WARN_UNREACHABLE_CODE = YES;
				CLANG_WARN__DUPLICATE_METHOD_MATCH = YES;
				COPY_PHASE_STRIP = NO;
				DEBUG_INFORMATION_FORMAT = "dwarf-with-dsym";
				ENABLE_NS_ASSERTIONS = NO;
				ENABLE_STRICT_OBJC_MSGSEND = YES;
				GCC_C_LANGUAGE_STANDARD = gnu11;
				GCC_NO_COMMON_BLOCKS = YES;
				GCC_WARN_64_TO_32_BIT_CONVERSION = YES;
				GCC_WARN_ABOUT_RETURN_TYPE = YES_ERROR;
				GCC_WARN_UNDECLARED_SELECTOR = YES;
				GCC_WARN_UNINITIALIZED_AUTOS = YES_AGGRESSIVE;
				GCC_WARN_UNUSED_FUNCTION = YES;
				GCC_WARN_UNUSED_VARIABLE = YES;
				IPHONEOS_DEPLOYMENT_TARGET = 13.4;
				MTL_ENABLE_DEBUG_INFO = NO;
				MTL_FAST_MATH = YES;
				SDKROOT = iphoneos;
				SWIFT_COMPILATION_MODE = wholemodule;
				SWIFT_OPTIMIZATION_LEVEL = "-O";
				VALIDATE_PRODUCT = YES;
			};
			name = Release;
		};
		581385072445762600BC128C /* Debug */ = {
			isa = XCBuildConfiguration;
			buildSettings = {
				ASSETCATALOG_COMPILER_APPICON_NAME = AppIcon;
				CODE_SIGN_STYLE = Automatic;
				INFOPLIST_FILE = HitList/Info.plist;
				LD_RUNPATH_SEARCH_PATHS = (
					"$(inherited)",
					"@executable_path/Frameworks",
				);
				PRODUCT_BUNDLE_IDENTIFIER = thiagoAM.HitList;
				PRODUCT_NAME = "$(TARGET_NAME)";
				SWIFT_VERSION = 5.0;
				TARGETED_DEVICE_FAMILY = "1,2";
			};
			name = Debug;
		};
		581385082445762600BC128C /* Release */ = {
			isa = XCBuildConfiguration;
			buildSettings = {
				ASSETCATALOG_COMPILER_APPICON_NAME = AppIcon;
				CODE_SIGN_STYLE = Automatic;
				INFOPLIST_FILE = HitList/Info.plist;
				LD_RUNPATH_SEARCH_PATHS = (
					"$(inherited)",
					"@executable_path/Frameworks",
				);
				PRODUCT_BUNDLE_IDENTIFIER = thiagoAM.HitList;
				PRODUCT_NAME = "$(TARGET_NAME)";
				SWIFT_VERSION = 5.0;
				TARGETED_DEVICE_FAMILY = "1,2";
			};
			name = Release;
		};
		5813850A2445762600BC128C /* Debug */ = {
			isa = XCBuildConfiguration;
			buildSettings = {
				ALWAYS_EMBED_SWIFT_STANDARD_LIBRARIES = YES;
				BUNDLE_LOADER = "$(TEST_HOST)";
				CODE_SIGN_STYLE = Automatic;
				INFOPLIST_FILE = HitListTests/Info.plist;
				IPHONEOS_DEPLOYMENT_TARGET = 13.4;
				LD_RUNPATH_SEARCH_PATHS = (
					"$(inherited)",
					"@executable_path/Frameworks",
					"@loader_path/Frameworks",
				);
				PRODUCT_BUNDLE_IDENTIFIER = thiagoAM.HitListTests;
				PRODUCT_NAME = "$(TARGET_NAME)";
				SWIFT_VERSION = 5.0;
				TARGETED_DEVICE_FAMILY = "1,2";
				TEST_HOST = "$(BUILT_PRODUCTS_DIR)/HitList.app/HitList";
			};
			name = Debug;
		};
		5813850B2445762600BC128C /* Release */ = {
			isa = XCBuildConfiguration;
			buildSettings = {
				ALWAYS_EMBED_SWIFT_STANDARD_LIBRARIES = YES;
				BUNDLE_LOADER = "$(TEST_HOST)";
				CODE_SIGN_STYLE = Automatic;
				INFOPLIST_FILE = HitListTests/Info.plist;
				IPHONEOS_DEPLOYMENT_TARGET = 13.4;
				LD_RUNPATH_SEARCH_PATHS = (
					"$(inherited)",
					"@executable_path/Frameworks",
					"@loader_path/Frameworks",
				);
				PRODUCT_BUNDLE_IDENTIFIER = thiagoAM.HitListTests;
				PRODUCT_NAME = "$(TARGET_NAME)";
				SWIFT_VERSION = 5.0;
				TARGETED_DEVICE_FAMILY = "1,2";
				TEST_HOST = "$(BUILT_PRODUCTS_DIR)/HitList.app/HitList";
			};
			name = Release;
		};
		5813850D2445762600BC128C /* Debug */ = {
			isa = XCBuildConfiguration;
			buildSettings = {
				ALWAYS_EMBED_SWIFT_STANDARD_LIBRARIES = YES;
				CODE_SIGN_STYLE = Automatic;
				INFOPLIST_FILE = HitListUITests/Info.plist;
				LD_RUNPATH_SEARCH_PATHS = (
					"$(inherited)",
					"@executable_path/Frameworks",
					"@loader_path/Frameworks",
				);
				PRODUCT_BUNDLE_IDENTIFIER = thiagoAM.HitListUITests;
				PRODUCT_NAME = "$(TARGET_NAME)";
				SWIFT_VERSION = 5.0;
				TARGETED_DEVICE_FAMILY = "1,2";
				TEST_TARGET_NAME = HitList;
			};
			name = Debug;
		};
		5813850E2445762600BC128C /* Release */ = {
			isa = XCBuildConfiguration;
			buildSettings = {
				ALWAYS_EMBED_SWIFT_STANDARD_LIBRARIES = YES;
				CODE_SIGN_STYLE = Automatic;
				INFOPLIST_FILE = HitListUITests/Info.plist;
				LD_RUNPATH_SEARCH_PATHS = (
					"$(inherited)",
					"@executable_path/Frameworks",
					"@loader_path/Frameworks",
				);
				PRODUCT_BUNDLE_IDENTIFIER = thiagoAM.HitListUITests;
				PRODUCT_NAME = "$(TARGET_NAME)";
				SWIFT_VERSION = 5.0;
				TARGETED_DEVICE_FAMILY = "1,2";
				TEST_TARGET_NAME = HitList;
			};
			name = Release;
		};
/* End XCBuildConfiguration section */

/* Begin XCConfigurationList section */
		581384D42445762400BC128C /* Build configuration list for PBXProject "HitList" */ = {
			isa = XCConfigurationList;
			buildConfigurations = (
				581385042445762600BC128C /* Debug */,
				581385052445762600BC128C /* Release */,
			);
			defaultConfigurationIsVisible = 0;
			defaultConfigurationName = Release;
		};
		581385062445762600BC128C /* Build configuration list for PBXNativeTarget "HitList" */ = {
			isa = XCConfigurationList;
			buildConfigurations = (
				581385072445762600BC128C /* Debug */,
				581385082445762600BC128C /* Release */,
			);
			defaultConfigurationIsVisible = 0;
			defaultConfigurationName = Release;
		};
		581385092445762600BC128C /* Build configuration list for PBXNativeTarget "HitListTests" */ = {
			isa = XCConfigurationList;
			buildConfigurations = (
				5813850A2445762600BC128C /* Debug */,
				5813850B2445762600BC128C /* Release */,
			);
			defaultConfigurationIsVisible = 0;
			defaultConfigurationName = Release;
		};
		5813850C2445762600BC128C /* Build configuration list for PBXNativeTarget "HitListUITests" */ = {
			isa = XCConfigurationList;
			buildConfigurations = (
				5813850D2445762600BC128C /* Debug */,
				5813850E2445762600BC128C /* Release */,
			);
			defaultConfigurationIsVisible = 0;
			defaultConfigurationName = Release;
		};
/* End XCConfigurationList section */

/* Begin XCVersionGroup section */
		581384E52445762500BC128C /* HitList.xcdatamodeld */ = {
			isa = XCVersionGroup;
			children = (
				581384E62445762500BC128C /* HitList.xcdatamodel */,
			);
			currentVersion = 581384E62445762500BC128C /* HitList.xcdatamodel */;
			path = HitList.xcdatamodeld;
			sourceTree = "<group>";
			versionGroupType = wrapper.xcdatamodel;
		};
/* End XCVersionGroup section */
	};
	rootObject = 581384D12445762400BC128C /* Project object */;
}
